# THIS IS AN AUTOGENERATED FILE. DO NOT EDIT THIS FILE DIRECTLY.
# yarn lockfile v1


"@apollo/cache-control-types@^1.0.2":
  version "1.0.2"
  resolved "https://artifactory.nerdwallet.io/artifactory/api/npm/npm/@apollo/cache-control-types/-/cache-control-types-1.0.2.tgz#f42ed3563acc7f1f50617d65d208483977adc68e"
  integrity sha512-Por80co1eUm4ATsvjCOoS/tIR8PHxqVjsA6z76I6Vw0rFn4cgyVElQcmQDIZiYsy41k8e5xkrMRECkM2WR8pNw==

"@apollo/federation-internals@^2.1.4":
  version "2.1.4"
  resolved "https://artifactory.nerdwallet.io/artifactory/api/npm/npm/@apollo/federation-internals/-/federation-internals-2.1.4.tgz#aa475c51fbc91d9e37e9a6e69446412ab8e32b88"
  integrity sha512-Fpln5hHEh0Jjy0vaTpIlv1SF+zg2cjunsH2X5QDHwKOXoHsT4o7LF+Duoy7LgZj6W3HNW9Z/srmuOXXNTl2gjw==
  dependencies:
    chalk "^4.1.0"
    js-levenshtein "^1.1.6"

"@apollo/subgraph@^2.1.4":
  version "2.1.4"
  resolved "https://artifactory.nerdwallet.io/artifactory/api/npm/npm/@apollo/subgraph/-/subgraph-2.1.4.tgz#a8e0c0eb0e2d6a7f8869dfecf8e0d07ed5236712"
  integrity sha512-WrZuvCtTjLczkJq9BxyGgGB5lE0vr83ZFvbdVdByve+EbvfCh0rNtXNFaAXOkOcqzMcDv258AN44o7WBm+raYw==
  dependencies:
    "@apollo/cache-control-types" "^1.0.2"
    "@apollo/federation-internals" "^2.1.4"

"@graphql-tools/merge@8.3.11":
  version "8.3.11"
  resolved "https://artifactory.nerdwallet.io/artifactory/api/npm/npm/@graphql-tools/merge/-/merge-8.3.11.tgz#f5eab764e8d7032c1b7e32d5dc6dea5b2f5bb21e"
  integrity sha512-IpZh8r8e8FycXaUv04xe5HQH9siD1tkS8MvaO8Wb2FaPXv15XSYP+Wsb2MUStpIqGfQxa6xY/+eEuxv+VqwXyg==
  dependencies:
    "@graphql-tools/utils" "9.1.0"
    tslib "^2.4.0"

"@graphql-tools/schema@^9.0.9":
  version "9.0.9"
  resolved "https://artifactory.nerdwallet.io/artifactory/api/npm/npm/@graphql-tools/schema/-/schema-9.0.9.tgz#aa24869a2231039dcd9b6b882a5c5cb186d1116e"
  integrity sha512-hwg8trUytO5ayQ8bzL3+sAyXcu2rhKt5pLXpLO0/TMTN2nXd3DBO4mqx+Ra4Er2mE/msInGQ5EmZbxVBPv+hSg==
  dependencies:
    "@graphql-tools/merge" "8.3.11"
    "@graphql-tools/utils" "9.1.0"
    tslib "^2.4.0"
    value-or-promise "1.0.11"

"@graphql-tools/utils@9.1.0", "@graphql-tools/utils@^9.1.0":
  version "9.1.0"
  resolved "https://artifactory.nerdwallet.io/artifactory/api/npm/npm/@graphql-tools/utils/-/utils-9.1.0.tgz#c33893e0aa9cbd3760d94f1771477e722adb4e54"
  integrity sha512-4Ketxo98IwKA/56LP6cI6PgQBwUCujszQcTNkzjq7liJPa2mLjKnmVOJ0bauMwKcEazeYuZagceljb0POmEGvQ==
  dependencies:
    tslib "^2.4.0"

ansi-styles@^4.1.0:
  version "4.3.0"
  resolved "https://artifactory.nerdwallet.io/artifactory/api/npm/npm/ansi-styles/-/ansi-styles-4.3.0.tgz#edd803628ae71c04c85ae7a0906edad34b648937"
  integrity sha512-zbB9rCJAT1rbjiVDb2hqKFHNYLxgtk8NURxZ3IZwD3F6NtxbXZQCnnSi1Lkx+IDohdPlFp222wVALIheZJQSEg==
  dependencies:
    color-convert "^2.0.1"

chalk@^4.1.0:
  version "4.1.2"
  resolved "https://artifactory.nerdwallet.io/artifactory/api/npm/npm/chalk/-/chalk-4.1.2.tgz#aac4e2b7734a740867aeb16bf02aad556a1e7a01"
  integrity sha512-oKnbhFyRIXpUuez8iBMmyEa4nbj4IOQyuhc/wy9kY7/WVPcwIO9VA668Pu8RkO7+0G76SLROeyw9CpQ061i4mA==
  dependencies:
    ansi-styles "^4.1.0"
    supports-color "^7.1.0"

color-convert@^2.0.1:
  version "2.0.1"
  resolved "https://artifactory.nerdwallet.io/artifactory/api/npm/npm/color-convert/-/color-convert-2.0.1.tgz#72d3a68d598c9bdb3af2ad1e84f21d896abd4de3"
  integrity sha512-RRECPsj7iu/xb5oKYcsFHSppFNnsj/52OVTRKb4zP5onXwVF3zVmmToNcOfGC+CRDpfK/U584fMg38ZHCaElKQ==
  dependencies:
    color-name "~1.1.4"

color-name@~1.1.4:
  version "1.1.4"
  resolved "https://artifactory.nerdwallet.io/artifactory/api/npm/npm/color-name/-/color-name-1.1.4.tgz#c2a09a87acbde69543de6f63fa3995c826c536a2"
  integrity sha512-dOy+3AuW3a2wNbZHIuMZpTcgjGuLU/uBL/ubcZF9OXbDo8ff4O8yVp5Bf0efS8uEoYo5q4Fx7dY9OgQGXgAsQA==

graphql-tag@^2.12.6:
  version "2.12.6"
  resolved "https://artifactory.nerdwallet.io/artifactory/api/npm/npm/graphql-tag/-/graphql-tag-2.12.6.tgz#d441a569c1d2537ef10ca3d1633b48725329b5f1"
  integrity sha512-FdSNcu2QQcWnM2VNvSCCDCVS5PpPqpzgFT8+GXzqJuoDd0CBncxCY278u4mhRO7tMgo2JjgJA5aZ+nWSQ/Z+xg==
  dependencies:
    tslib "^2.1.0"

graphql@^16.6.0:
  version "16.6.0"
  resolved "https://artifactory.nerdwallet.io/artifactory/api/npm/npm/graphql/-/graphql-16.6.0.tgz#c2dcffa4649db149f6282af726c8c83f1c7c5fdb"
  integrity sha512-KPIBPDlW7NxrbT/eh4qPXz5FiFdL5UbaA0XUNz2Rp3Z3hqBSkbj0GVjwFDztsWVauZUWsbKHgMg++sk8UX0bkw==

has-flag@^4.0.0:
  version "4.0.0"
  resolved "https://artifactory.nerdwallet.io/artifactory/api/npm/npm/has-flag/-/has-flag-4.0.0.tgz#944771fd9c81c81265c4d6941860da06bb59479b"
  integrity sha512-EykJT/Q1KjTWctppgIAgfSO0tKVuZUjhgMr17kqTumMl6Afv3EISleU7qZUzoXDFTAHTDC4NOoG/ZxU3EvlMPQ==

js-levenshtein@^1.1.6:
  version "1.1.6"
  resolved "https://artifactory.nerdwallet.io/artifactory/api/npm/npm/js-levenshtein/-/js-levenshtein-1.1.6.tgz#c6cee58eb3550372df8deb85fad5ce66ce01d59d"
  integrity sha512-X2BB11YZtrRqY4EnQcLX5Rh373zbK4alC1FW7D7MBhL2gtcC17cTnr6DmfHZeS0s2rTHjUTMMHfG7gO8SSdw+g==

supports-color@^7.1.0:
  version "7.2.0"
  resolved "https://artifactory.nerdwallet.io/artifactory/api/npm/npm/supports-color/-/supports-color-7.2.0.tgz#1b7dcdcb32b8138801b3e478ba6a51caa89648da"
  integrity sha512-qpCAvRl9stuOHveKsn7HncJRvv501qIacKzQlO/+Lwxc9+0q2wLyv4Dfvt80/DPn2pqOBsJdDiogXGR9+OvwRw==
  dependencies:
    has-flag "^4.0.0"

tslib@^2.1.0, tslib@^2.4.0:
  version "2.4.1"
  resolved "https://artifactory.nerdwallet.io/artifactory/api/npm/npm/tslib/-/tslib-2.4.1.tgz#0d0bfbaac2880b91e22df0768e55be9753a5b17e"
  integrity sha512-tGyy4dAjRIEwI7BzsB0lynWgOpfqjUdq91XXAlIWD2OwKBH7oCl/GZG/HT4BOHrTlPMOASlMQ7veyTqpmRcrNA==

value-or-promise@1.0.11:
  version "1.0.11"
  resolved "https://artifactory.nerdwallet.io/artifactory/api/npm/npm/value-or-promise/-/value-or-promise-1.0.11.tgz#3e90299af31dd014fe843fe309cefa7c1d94b140"
  integrity sha512-41BrgH+dIbCFXClcSapVs5M6GkENd3gQOJpEfPDNa71LsUGMXDL0jMWpI/Rh7WhX+Aalfz2TTS3Zt5pUsbnhLg==
